// !$*UTF8*$!
{
	archiveVersion = 1;
	classes = {
	};
	objectVersion = 46;
	objects = {

/* Begin PBXBuildFile section */
		D93DE38719BD8E2D0074F902 /* RBAccountHelper.swift in Sources */ = {isa = PBXBuildFile; fileRef = D93DE38619BD8E2D0074F902 /* RBAccountHelper.swift */; };
		D9788FD319BAA6EE00336D67 /* Images.xcassets in Resources */ = {isa = PBXBuildFile; fileRef = D9788FD219BAA6EE00336D67 /* Images.xcassets */; };
		D9FCFE5219BA72D700E98C5D /* AppDelegate.swift in Sources */ = {isa = PBXBuildFile; fileRef = D9FCFE5119BA72D700E98C5D /* AppDelegate.swift */; };
		D9FCFE5419BA72D700E98C5D /* RBAccountViewController.swift in Sources */ = {isa = PBXBuildFile; fileRef = D9FCFE5319BA72D700E98C5D /* RBAccountViewController.swift */; };
		D9FCFE5719BA72D700E98C5D /* Main.storyboard in Resources */ = {isa = PBXBuildFile; fileRef = D9FCFE5519BA72D700E98C5D /* Main.storyboard */; };
		D9FCFE6519BA72D700E98C5D /* Rabbit_BrowserTests.swift in Sources */ = {isa = PBXBuildFile; fileRef = D9FCFE6419BA72D700E98C5D /* Rabbit_BrowserTests.swift */; };
/* End PBXBuildFile section */

/* Begin PBXContainerItemProxy section */
		D9FCFE5F19BA72D700E98C5D /* PBXContainerItemProxy */ = {
			isa = PBXContainerItemProxy;
			containerPortal = D9FCFE4419BA72D700E98C5D /* Project object */;
			proxyType = 1;
			remoteGlobalIDString = D9FCFE4B19BA72D700E98C5D;
			remoteInfo = "Rabbit Browser";
		};
/* End PBXContainerItemProxy section */

/* Begin PBXFileReference section */
		D93DE38619BD8E2D0074F902 /* RBAccountHelper.swift */ = {isa = PBXFileReference; fileEncoding = 4; lastKnownFileType = sourcecode.swift; path = RBAccountHelper.swift; sourceTree = "<group>"; };
		D9788FD219BAA6EE00336D67 /* Images.xcassets */ = {isa = PBXFileReference; lastKnownFileType = folder.assetcatalog; path = Images.xcassets; sourceTree = "<group>"; };
		D9FCFE4C19BA72D700E98C5D /* Rabbit Browser.app */ = {isa = PBXFileReference; explicitFileType = wrapper.application; includeInIndex = 0; path = "Rabbit Browser.app"; sourceTree = BUILT_PRODUCTS_DIR; };
		D9FCFE5019BA72D700E98C5D /* Info.plist */ = {isa = PBXFileReference; lastKnownFileType = text.plist.xml; path = Info.plist; sourceTree = "<group>"; };
		D9FCFE5119BA72D700E98C5D /* AppDelegate.swift */ = {isa = PBXFileReference; lastKnownFileType = sourcecode.swift; path = AppDelegate.swift; sourceTree = "<group>"; };
		D9FCFE5319BA72D700E98C5D /* RBAccountViewController.swift */ = {isa = PBXFileReference; lastKnownFileType = sourcecode.swift; path = RBAccountViewController.swift; sourceTree = "<group>"; };
		D9FCFE5619BA72D700E98C5D /* Base */ = {isa = PBXFileReference; lastKnownFileType = file.storyboard; name = Base; path = Base.lproj/Main.storyboard; sourceTree = "<group>"; };
		D9FCFE5E19BA72D700E98C5D /* Rabbit BrowserTests.xctest */ = {isa = PBXFileReference; explicitFileType = wrapper.cfbundle; includeInIndex = 0; path = "Rabbit BrowserTests.xctest"; sourceTree = BUILT_PRODUCTS_DIR; };
		D9FCFE6319BA72D700E98C5D /* Info.plist */ = {isa = PBXFileReference; lastKnownFileType = text.plist.xml; path = Info.plist; sourceTree = "<group>"; };
		D9FCFE6419BA72D700E98C5D /* Rabbit_BrowserTests.swift */ = {isa = PBXFileReference; lastKnownFileType = sourcecode.swift; path = Rabbit_BrowserTests.swift; sourceTree = "<group>"; };
/* End PBXFileReference section */

/* Begin PBXFrameworksBuildPhase section */
		D9FCFE4919BA72D700E98C5D /* Frameworks */ = {
			isa = PBXFrameworksBuildPhase;
			buildActionMask = 2147483647;
			files = (
			);
			runOnlyForDeploymentPostprocessing = 0;
		};
		D9FCFE5B19BA72D700E98C5D /* Frameworks */ = {
			isa = PBXFrameworksBuildPhase;
			buildActionMask = 2147483647;
			files = (
			);
			runOnlyForDeploymentPostprocessing = 0;
		};
/* End PBXFrameworksBuildPhase section */

/* Begin PBXGroup section */
		D9FCFE4319BA72D700E98C5D = {
			isa = PBXGroup;
			children = (
				D9FCFE4E19BA72D700E98C5D /* Rabbit Browser */,
				D9FCFE6119BA72D700E98C5D /* Rabbit BrowserTests */,
				D9FCFE4D19BA72D700E98C5D /* Products */,
			);
			sourceTree = "<group>";
		};
		D9FCFE4D19BA72D700E98C5D /* Products */ = {
			isa = PBXGroup;
			children = (
				D9FCFE4C19BA72D700E98C5D /* Rabbit Browser.app */,
				D9FCFE5E19BA72D700E98C5D /* Rabbit BrowserTests.xctest */,
			);
			name = Products;
			sourceTree = "<group>";
		};
		D9FCFE4E19BA72D700E98C5D /* Rabbit Browser */ = {
			isa = PBXGroup;
			children = (
				D9FCFE5119BA72D700E98C5D /* AppDelegate.swift */,
				D9FCFE5319BA72D700E98C5D /* RBAccountViewController.swift */,
				D93DE38619BD8E2D0074F902 /* RBAccountHelper.swift */,
				D9FCFE5519BA72D700E98C5D /* Main.storyboard */,
				D9788FD219BAA6EE00336D67 /* Images.xcassets */,
				D9FCFE4F19BA72D700E98C5D /* Supporting Files */,
			);
			path = "Rabbit Browser";
			sourceTree = "<group>";
		};
		D9FCFE4F19BA72D700E98C5D /* Supporting Files */ = {
			isa = PBXGroup;
			children = (
				D9FCFE5019BA72D700E98C5D /* Info.plist */,
			);
			name = "Supporting Files";
			sourceTree = "<group>";
		};
		D9FCFE6119BA72D700E98C5D /* Rabbit BrowserTests */ = {
			isa = PBXGroup;
			children = (
				D9FCFE6419BA72D700E98C5D /* Rabbit_BrowserTests.swift */,
				D9FCFE6219BA72D700E98C5D /* Supporting Files */,
			);
			path = "Rabbit BrowserTests";
			sourceTree = "<group>";
		};
		D9FCFE6219BA72D700E98C5D /* Supporting Files */ = {
			isa = PBXGroup;
			children = (
				D9FCFE6319BA72D700E98C5D /* Info.plist */,
			);
			name = "Supporting Files";
			sourceTree = "<group>";
		};
/* End PBXGroup section */

/* Begin PBXNativeTarget section */
		D9FCFE4B19BA72D700E98C5D /* Rabbit Browser */ = {
			isa = PBXNativeTarget;
			buildConfigurationList = D9FCFE6819BA72D700E98C5D /* Build configuration list for PBXNativeTarget "Rabbit Browser" */;
			buildPhases = (
				D9FCFE4819BA72D700E98C5D /* Sources */,
				D9FCFE4919BA72D700E98C5D /* Frameworks */,
				D9FCFE4A19BA72D700E98C5D /* Resources */,
			);
			buildRules = (
			);
			dependencies = (
			);
			name = "Rabbit Browser";
			productName = "Rabbit Browser";
			productReference = D9FCFE4C19BA72D700E98C5D /* Rabbit Browser.app */;
			productType = "com.apple.product-type.application";
		};
		D9FCFE5D19BA72D700E98C5D /* Rabbit BrowserTests */ = {
			isa = PBXNativeTarget;
			buildConfigurationList = D9FCFE6B19BA72D700E98C5D /* Build configuration list for PBXNativeTarget "Rabbit BrowserTests" */;
			buildPhases = (
				D9FCFE5A19BA72D700E98C5D /* Sources */,
				D9FCFE5B19BA72D700E98C5D /* Frameworks */,
				D9FCFE5C19BA72D700E98C5D /* Resources */,
			);
			buildRules = (
			);
			dependencies = (
				D9FCFE6019BA72D700E98C5D /* PBXTargetDependency */,
			);
			name = "Rabbit BrowserTests";
			productName = "Rabbit BrowserTests";
			productReference = D9FCFE5E19BA72D700E98C5D /* Rabbit BrowserTests.xctest */;
			productType = "com.apple.product-type.bundle.unit-test";
		};
/* End PBXNativeTarget section */

/* Begin PBXProject section */
		D9FCFE4419BA72D700E98C5D /* Project object */ = {
			isa = PBXProject;
			attributes = {
				LastUpgradeCheck = 0600;
				ORGANIZATIONNAME = gchriswill;
				TargetAttributes = {
					D9FCFE4B19BA72D700E98C5D = {
						CreatedOnToolsVersion = 6.0;
					};
					D9FCFE5D19BA72D700E98C5D = {
						CreatedOnToolsVersion = 6.0;
						TestTargetID = D9FCFE4B19BA72D700E98C5D;
					};
				};
			};
			buildConfigurationList = D9FCFE4719BA72D700E98C5D /* Build configuration list for PBXProject "Rabbit Browser" */;
			compatibilityVersion = "Xcode 3.2";
			developmentRegion = English;
			hasScannedForEncodings = 0;
			knownRegions = (
				en,
				Base,
			);
			mainGroup = D9FCFE4319BA72D700E98C5D;
			productRefGroup = D9FCFE4D19BA72D700E98C5D /* Products */;
			projectDirPath = "";
			projectRoot = "";
			targets = (
				D9FCFE4B19BA72D700E98C5D /* Rabbit Browser */,
				D9FCFE5D19BA72D700E98C5D /* Rabbit BrowserTests */,
			);
		};
/* End PBXProject section */

/* Begin PBXResourcesBuildPhase section */
		D9FCFE4A19BA72D700E98C5D /* Resources */ = {
			isa = PBXResourcesBuildPhase;
			buildActionMask = 2147483647;
			files = (
				D9FCFE5719BA72D700E98C5D /* Main.storyboard in Resources */,
				D9788FD319BAA6EE00336D67 /* Images.xcassets in Resources */,
			);
			runOnlyForDeploymentPostprocessing = 0;
		};
		D9FCFE5C19BA72D700E98C5D /* Resources */ = {
			isa = PBXResourcesBuildPhase;
			buildActionMask = 2147483647;
			files = (
			);
			runOnlyForDeploymentPostprocessing = 0;
		};
/* End PBXResourcesBuildPhase section */

/* Begin PBXSourcesBuildPhase section */
		D9FCFE4819BA72D700E98C5D /* Sources */ = {
			isa = PBXSourcesBuildPhase;
			buildActionMask = 2147483647;
			files = (
				D9FCFE5419BA72D700E98C5D /* RBAccountViewController.swift in Sources */,
				D9FCFE5219BA72D700E98C5D /* AppDelegate.swift in Sources */,
				D93DE38719BD8E2D0074F902 /* RBAccountHelper.swift in Sources */,
			);
			runOnlyForDeploymentPostprocessing = 0;
		};
		D9FCFE5A19BA72D700E98C5D /* Sources */ = {
			isa = PBXSourcesBuildPhase;
			buildActionMask = 2147483647;
			files = (
				D9FCFE6519BA72D700E98C5D /* Rabbit_BrowserTests.swift in Sources */,
			);
			runOnlyForDeploymentPostprocessing = 0;
		};
/* End PBXSourcesBuildPhase section */

/* Begin PBXTargetDependency section */
		D9FCFE6019BA72D700E98C5D /* PBXTargetDependency */ = {
			isa = PBXTargetDependency;
			target = D9FCFE4B19BA72D700E98C5D /* Rabbit Browser */;
			targetProxy = D9FCFE5F19BA72D700E98C5D /* PBXContainerItemProxy */;
		};
/* End PBXTargetDependency section */

/* Begin PBXVariantGroup section */
		D9FCFE5519BA72D700E98C5D /* Main.storyboard */ = {
			isa = PBXVariantGroup;
			children = (
				D9FCFE5619BA72D700E98C5D /* Base */,
			);
			name = Main.storyboard;
			sourceTree = "<group>";
		};
/* End PBXVariantGroup section */

/* Begin XCBuildConfiguration section */
		D9FCFE6619BA72D700E98C5D /* Debug */ = {
			isa = XCBuildConfiguration;
			buildSettings = {
				ALWAYS_SEARCH_USER_PATHS = NO;
				CLANG_CXX_LANGUAGE_STANDARD = "gnu++0x";
				CLANG_CXX_LIBRARY = "libc++";
				CLANG_ENABLE_MODULES = YES;
				CLANG_ENABLE_OBJC_ARC = YES;
				CLANG_WARN_BOOL_CONVERSION = YES;
				CLANG_WARN_CONSTANT_CONVERSION = YES;
				CLANG_WARN_DIRECT_OBJC_ISA_USAGE = YES_ERROR;
				CLANG_WARN_EMPTY_BODY = YES;
				CLANG_WARN_ENUM_CONVERSION = YES;
				CLANG_WARN_INT_CONVERSION = YES;
				CLANG_WARN_OBJC_ROOT_CLASS = YES_ERROR;
				CLANG_WARN_UNREACHABLE_CODE = YES;
				CLANG_WARN__DUPLICATE_METHOD_MATCH = YES;
				"CODE_SIGN_IDENTITY[sdk=iphoneos*]" = "iPhone Developer";
				COPY_PHASE_STRIP = NO;
				ENABLE_STRICT_OBJC_MSGSEND = YES;
				GCC_C_LANGUAGE_STANDARD = gnu99;
				GCC_DYNAMIC_NO_PIC = NO;
				GCC_OPTIMIZATION_LEVEL = 0;
				GCC_PREPROCESSOR_DEFINITIONS = (
					"DEBUG=1",
					"$(inherited)",
				);
				GCC_SYMBOLS_PRIVATE_EXTERN = NO;
				GCC_WARN_64_TO_32_BIT_CONVERSION = YES;
				GCC_WARN_ABOUT_RETURN_TYPE = YES_ERROR;
				GCC_WARN_UNDECLARED_SELECTOR = YES;
				GCC_WARN_UNINITIALIZED_AUTOS = YES_AGGRESSIVE;
				GCC_WARN_UNUSED_FUNCTION = YES;
				GCC_WARN_UNUSED_VARIABLE = YES;
				IPHONEOS_DEPLOYMENT_TARGET = 8.0;
				MTL_ENABLE_DEBUG_INFO = YES;
				ONLY_ACTIVE_ARCH = YES;
				SDKROOT = iphoneos;
				SWIFT_OPTIMIZATION_LEVEL = "-Onone";
				TARGETED_DEVICE_FAMILY = 2;
			};
			name = Debug;
		};
		D9FCFE6719BA72D700E98C5D /* Release */ = {
			isa = XCBuildConfiguration;
			buildSettings = {
				ALWAYS_SEARCH_USER_PATHS = NO;
				CLANG_CXX_LANGUAGE_STANDARD = "gnu++0x";
				CLANG_CXX_LIBRARY = "libc++";
				CLANG_ENABLE_MODULES = YES;
				CLANG_ENABLE_OBJC_ARC = YES;
				CLANG_WARN_BOOL_CONVERSION = YES;
				CLANG_WARN_CONSTANT_CONVERSION = YES;
				CLANG_WARN_DIRECT_OBJC_ISA_USAGE = YES_ERROR;
				CLANG_WARN_EMPTY_BODY = YES;
				CLANG_WARN_ENUM_CONVERSION = YES;
				CLANG_WARN_INT_CONVERSION = YES;
				CLANG_WARN_OBJC_ROOT_CLASS = YES_ERROR;
				CLANG_WARN_UNREACHABLE_CODE = YES;
				CLANG_WARN__DUPLICATE_METHOD_MATCH = YES;
				"CODE_SIGN_IDENTITY[sdk=iphoneos*]" = "iPhone Developer";
				COPY_PHASE_STRIP = YES;
				ENABLE_NS_ASSERTIONS = NO;
				ENABLE_STRICT_OBJC_MSGSEND = YES;
				GCC_C_LANGUAGE_STANDARD = gnu99;
				GCC_WARN_64_TO_32_BIT_CONVERSION = YES;
				GCC_WARN_ABOUT_RETURN_TYPE = YES_ERROR;
				GCC_WARN_UNDECLARED_SELECTOR = YES;
				GCC_WARN_UNINITIALIZED_AUTOS = YES_AGGRESSIVE;
				GCC_WARN_UNUSED_FUNCTION = YES;
				GCC_WARN_UNUSED_VARIABLE = YES;
				IPHONEOS_DEPLOYMENT_TARGET = 8.0;
				MTL_ENABLE_DEBUG_INFO = NO;
				SDKROOT = iphoneos;
				TARGETED_DEVICE_FAMILY = 2;
				VALIDATE_PRODUCT = YES;
			};
			name = Release;
		};
		D9FCFE6919BA72D700E98C5D /* Debug */ = {
			isa = XCBuildConfiguration;
			buildSettings = {
				ASSETCATALOG_COMPILER_APPICON_NAME = AppIcon;
				ASSETCATALOG_COMPILER_LAUNCHIMAGE_NAME = LaunchImage;
				INFOPLIST_FILE = "Rabbit Browser/Info.plist";
				LD_RUNPATH_SEARCH_PATHS = "$(inherited) @executable_path/Frameworks";
				PRODUCT_NAME = "$(TARGET_NAME)";
			};
			name = Debug;
		};
		D9FCFE6A19BA72D700E98C5D /* Release */ = {
			isa = XCBuildConfiguration;
			buildSettings = {
				ASSETCATALOG_COMPILER_APPICON_NAME = AppIcon;
				ASSETCATALOG_COMPILER_LAUNCHIMAGE_NAME = LaunchImage;
				INFOPLIST_FILE = "Rabbit Browser/Info.plist";
				LD_RUNPATH_SEARCH_PATHS = "$(inherited) @executable_path/Frameworks";
				PRODUCT_NAME = "$(TARGET_NAME)";
			};
			name = Release;
		};
		D9FCFE6C19BA72D700E98C5D /* Debug */ = {
			isa = XCBuildConfiguration;
			buildSettings = {
				BUNDLE_LOADER = "$(TEST_HOST)";
				FRAMEWORK_SEARCH_PATHS = (
					"$(SDKROOT)/Developer/Library/Frameworks",
					"$(inherited)",
				);
				GCC_PREPROCESSOR_DEFINITIONS = (
					"DEBUG=1",
					"$(inherited)",
				);
				INFOPLIST_FILE = "Rabbit BrowserTests/Info.plist";
				LD_RUNPATH_SEARCH_PATHS = "$(inherited) @executable_path/Frameworks @loader_path/Frameworks";
				PRODUCT_NAME = "$(TARGET_NAME)";
				TEST_HOST = "$(BUILT_PRODUCTS_DIR)/Rabbit Browser.app/Rabbit Browser";
			};
			name = Debug;
		};
		D9FCFE6D19BA72D700E98C5D /* Release */ = {
			isa = XCBuildConfiguration;
			buildSettings = {
				BUNDLE_LOADER = "$(TEST_HOST)";
				FRAMEWORK_SEARCH_PATHS = (
					"$(SDKROOT)/Developer/Library/Frameworks",
					"$(inherited)",
				);
				INFOPLIST_FILE = "Rabbit BrowserTests/Info.plist";
				LD_RUNPATH_SEARCH_PATHS = "$(inherited) @executable_path/Frameworks @loader_path/Frameworks";
				PRODUCT_NAME = "$(TARGET_NAME)";
				TEST_HOST = "$(BUILT_PRODUCTS_DIR)/Rabbit Browser.app/Rabbit Browser";
			};
			name = Release;
		};
/* End XCBuildConfiguration section */

/* Begin XCConfigurationList section */
		D9FCFE4719BA72D700E98C5D /* Build configuration list for PBXProject "Rabbit Browser" */ = {
			isa = XCConfigurationList;
			buildConfigurations = (
				D9FCFE6619BA72D700E98C5D /* Debug */,
				D9FCFE6719BA72D700E98C5D /* Release */,
			);
			defaultConfigurationIsVisible = 0;
			defaultConfigurationName = Release;
		};
		D9FCFE6819BA72D700E98C5D /* Build configuration list for PBXNativeTarget "Rabbit Browser" */ = {
			isa = XCConfigurationList;
			buildConfigurations = (
				D9FCFE6919BA72D700E98C5D /* Debug */,
				D9FCFE6A19BA72D700E98C5D /* Release */,
			);
			defaultConfigurationIsVisible = 0;
			defaultConfigurationName = Release;
		};
		D9FCFE6B19BA72D700E98C5D /* Build configuration list for PBXNativeTarget "Rabbit BrowserTests" */ = {
			isa = XCConfigurationList;
			buildConfigurations = (
				D9FCFE6C19BA72D700E98C5D /* Debug */,
				D9FCFE6D19BA72D700E98C5D /* Release */,
			);
			defaultConfigurationIsVisible = 0;
			defaultConfigurationName = Release;
		};
/* End XCConfigurationList section */
	};
	rootObject = D9FCFE4419BA72D700E98C5D /* Project object */;
}
